
Microsoft Visual Studio Solution File, Format Version 12.00
# Visual Studio Version 16
VisualStudioVersion = 16.0.30523.141
MinimumVisualStudioVersion = 10.0.40219.1
Project("{FAE04EC0-301F-11D3-BF4B-00C04F79EFBC}") = "salon", "salon\salon.csproj", "{69E1162F-A3DD-40B5-BB02-5181D9FCF391}"
EndProject
Global
	GlobalSection(SolutionConfigurationPlatforms) = preSolution
		Debug|Any CPU = Debug|Any CPU
		Release|Any CPU = Release|Any CPU
	EndGlobalSection
	GlobalSection(ProjectConfigurationPlatforms) = postSolution
		{69E1162F-A3DD-40B5-BB02-5181D9FCF391}.Debug|Any CPU.ActiveCfg = Debug|Any CPU
		{69E1162F-A3DD-40B5-BB02-5181D9FCF391}.Debug|Any CPU.Build.0 = Debug|Any CPU
		{69E1162F-A3DD-40B5-BB02-5181D9FCF391}.Release|Any CPU.ActiveCfg = Release|Any CPU
		{69E1162F-A3DD-40B5-BB02-5181D9FCF391}.Release|Any CPU.Build.0 = Release|Any CPU
	EndGlobalSection
	GlobalSection(SolutionProperties) = preSolution
		HideSolutionNode = FALSE
	EndGlobalSection
	GlobalSection(ExtensibilityGlobals) = postSolution
		SolutionGuid = {CF9EF7DA-52F2-4A7C-BB88-329D19D9A891}
	EndGlobalSection
EndGlobal
